
Microsoft Visual Studio Solution File, Format Version 12.00
# Visual Studio Version 17
VisualStudioVersion = 17.5.33414.496
MinimumVisualStudioVersion = 10.0.40219.1
Project("{FAE04EC0-301F-11D3-BF4B-00C04F79EFBC}") = "MagicVilla_API", "MagicVilla_API\MagicVilla_API.csproj", "{A342B86A-D15C-4FC4-9578-8FDC4CF2F0BB}"
EndProject
Global
	GlobalSection(SolutionConfigurationPlatforms) = preSolution
		Debug|Any CPU = Debug|Any CPU
		Release|Any CPU = Release|Any CPU
	EndGlobalSection
	GlobalSection(ProjectConfigurationPlatforms) = postSolution
		{A342B86A-D15C-4FC4-9578-8FDC4CF2F0BB}.Debug|Any CPU.ActiveCfg = Debug|Any CPU
		{A342B86A-D15C-4FC4-9578-8FDC4CF2F0BB}.Debug|Any CPU.Build.0 = Debug|Any CPU
		{A342B86A-D15C-4FC4-9578-8FDC4CF2F0BB}.Release|Any CPU.ActiveCfg = Release|Any CPU
		{A342B86A-D15C-4FC4-9578-8FDC4CF2F0BB}.Release|Any CPU.Build.0 = Release|Any CPU
	EndGlobalSection
	GlobalSection(SolutionProperties) = preSolution
		HideSolutionNode = FALSE
	EndGlobalSection
	GlobalSection(ExtensibilityGlobals) = postSolution
		SolutionGuid = {95959CAD-3B02-485C-98D4-3357E76238DE}
	EndGlobalSection
EndGlobal
